
Microsoft Visual Studio Solution File, Format Version 12.00
# Visual Studio Version 16
VisualStudioVersion = 16.0.30517.126
MinimumVisualStudioVersion = 10.0.40219.1
Project("{FAE04EC0-301F-11D3-BF4B-00C04F79EFBC}") = "H7-MaeneTim", "H7-MaeneTim\H7-MaeneTim.csproj", "{37FA11E6-7EB9-4C9F-A73A-AF6FE103F3E8}"
EndProject
Global
	GlobalSection(SolutionConfigurationPlatforms) = preSolution
		Debug|Any CPU = Debug|Any CPU
		Release|Any CPU = Release|Any CPU
	EndGlobalSection
	GlobalSection(ProjectConfigurationPlatforms) = postSolution
		{37FA11E6-7EB9-4C9F-A73A-AF6FE103F3E8}.Debug|Any CPU.ActiveCfg = Debug|Any CPU
		{37FA11E6-7EB9-4C9F-A73A-AF6FE103F3E8}.Debug|Any CPU.Build.0 = Debug|Any CPU
		{37FA11E6-7EB9-4C9F-A73A-AF6FE103F3E8}.Release|Any CPU.ActiveCfg = Release|Any CPU
		{37FA11E6-7EB9-4C9F-A73A-AF6FE103F3E8}.Release|Any CPU.Build.0 = Release|Any CPU
	EndGlobalSection
	GlobalSection(SolutionProperties) = preSolution
		HideSolutionNode = FALSE
	EndGlobalSection
	GlobalSection(ExtensibilityGlobals) = postSolution
		SolutionGuid = {92686185-794F-44F5-94E8-8CB0650DCA49}
	EndGlobalSection
EndGlobal
